
Microsoft Visual Studio Solution File, Format Version 12.00
# Visual Studio 14
VisualStudioVersion = 14.0.25123.0
MinimumVisualStudioVersion = 10.0.40219.1
Project("{FAE04EC0-301F-11D3-BF4B-00C04F79EFBC}") = "MVApp.Droid", "MVApp\MVApp.Droid\MVApp.Droid.csproj", "{AB7B5CDE-B789-41CB-B4F4-4C001A703709}"
EndProject
Project("{FAE04EC0-301F-11D3-BF4B-00C04F79EFBC}") = "MVApp.iOS", "MVApp\MVApp.iOS\MVApp.iOS.csproj", "{37237F74-E81D-4474-9BAC-BFAFAC91F2B1}"
EndProject
Project("{FAE04EC0-301F-11D3-BF4B-00C04F79EFBC}") = "MVApp.WinPhone", "MVApp\MVApp.WinPhone\MVApp.WinPhone.csproj", "{3703EA43-C8ED-4DA8-870C-BBCF1239DE71}"
EndProject
Project("{FAE04EC0-301F-11D3-BF4B-00C04F79EFBC}") = "MVApp.UWP", "MVApp\MVApp.UWP\MVApp.UWP.csproj", "{84AE5E1D-96EF-4FC7-BA4B-6BF258C0A7A5}"
EndProject
Project("{FAE04EC0-301F-11D3-BF4B-00C04F79EFBC}") = "MVApp.Windows", "MVApp\MVApp.Windows\MVApp.Windows.csproj", "{0A88FE00-5A8D-4EB3-9328-25B0AB30154C}"
EndProject
Project("{FAE04EC0-301F-11D3-BF4B-00C04F79EFBC}") = "MVApp", "MVApp\MVApp\MVApp.csproj", "{E8E7BE8B-D82E-4693-BAC8-0143F78D093A}"
EndProject
Global
	GlobalSection(SolutionConfigurationPlatforms) = preSolution
		Ad-Hoc|Any CPU = Ad-Hoc|Any CPU
		Ad-Hoc|ARM = Ad-Hoc|ARM
		Ad-Hoc|iPhone = Ad-Hoc|iPhone
		Ad-Hoc|iPhoneSimulator = Ad-Hoc|iPhoneSimulator
		Ad-Hoc|x64 = Ad-Hoc|x64
		Ad-Hoc|x86 = Ad-Hoc|x86
		AppStore|Any CPU = AppStore|Any CPU
		AppStore|ARM = AppStore|ARM
		AppStore|iPhone = AppStore|iPhone
		AppStore|iPhoneSimulator = AppStore|iPhoneSimulator
		AppStore|x64 = AppStore|x64
		AppStore|x86 = AppStore|x86
		Debug|Any CPU = Debug|Any CPU
		Debug|ARM = Debug|ARM
		Debug|iPhone = Debug|iPhone
		Debug|iPhoneSimulator = Debug|iPhoneSimulator
		Debug|x64 = Debug|x64
		Debug|x86 = Debug|x86
		Release|Any CPU = Release|Any CPU
		Release|ARM = Release|ARM
		Release|iPhone = Release|iPhone
		Release|iPhoneSimulator = Release|iPhoneSimulator
		Release|x64 = Release|x64
		Release|x86 = Release|x86
	EndGlobalSection
	GlobalSection(ProjectConfigurationPlatforms) = postSolution
		{AB7B5CDE-B789-41CB-B4F4-4C001A703709}.Ad-Hoc|Any CPU.ActiveCfg = Release|Any CPU
		{AB7B5CDE-B789-41CB-B4F4-4C001A703709}.Ad-Hoc|Any CPU.Build.0 = Release|Any CPU
		{AB7B5CDE-B789-41CB-B4F4-4C001A703709}.Ad-Hoc|Any CPU.Deploy.0 = Release|Any CPU
		{AB7B5CDE-B789-41CB-B4F4-4C001A703709}.Ad-Hoc|ARM.ActiveCfg = Release|Any CPU
		{AB7B5CDE-B789-41CB-B4F4-4C001A703709}.Ad-Hoc|ARM.Build.0 = Release|Any CPU
		{AB7B5CDE-B789-41CB-B4F4-4C001A703709}.Ad-Hoc|ARM.Deploy.0 = Release|Any CPU
		{AB7B5CDE-B789-41CB-B4F4-4C001A703709}.Ad-Hoc|iPhone.ActiveCfg = Release|Any CPU
		{AB7B5CDE-B789-41CB-B4F4-4C001A703709}.Ad-Hoc|iPhone.Build.0 = Release|Any CPU
		{AB7B5CDE-B789-41CB-B4F4-4C001A703709}.Ad-Hoc|iPhone.Deploy.0 = Release|Any CPU
		{AB7B5CDE-B789-41CB-B4F4-4C001A703709}.Ad-Hoc|iPhoneSimulator.ActiveCfg = Release|Any CPU
		{AB7B5CDE-B789-41CB-B4F4-4C001A703709}.Ad-Hoc|iPhoneSimulator.Build.0 = Release|Any CPU
		{AB7B5CDE-B789-41CB-B4F4-4C001A703709}.Ad-Hoc|iPhoneSimulator.Deploy.0 = Release|Any CPU
		{AB7B5CDE-B789-41CB-B4F4-4C001A703709}.Ad-Hoc|x64.ActiveCfg = Release|Any CPU
		{AB7B5CDE-B789-41CB-B4F4-4C001A703709}.Ad-Hoc|x64.Build.0 = Release|Any CPU
		{AB7B5CDE-B789-41CB-B4F4-4C001A703709}.Ad-Hoc|x64.Deploy.0 = Release|Any CPU
		{AB7B5CDE-B789-41CB-B4F4-4C001A703709}.Ad-Hoc|x86.ActiveCfg = Release|Any CPU
		{AB7B5CDE-B789-41CB-B4F4-4C001A703709}.Ad-Hoc|x86.Build.0 = Release|Any CPU
		{AB7B5CDE-B789-41CB-B4F4-4C001A703709}.Ad-Hoc|x86.Deploy.0 = Release|Any CPU
		{AB7B5CDE-B789-41CB-B4F4-4C001A703709}.AppStore|Any CPU.ActiveCfg = Release|Any CPU
		{AB7B5CDE-B789-41CB-B4F4-4C001A703709}.AppStore|Any CPU.Build.0 = Release|Any CPU
		{AB7B5CDE-B789-41CB-B4F4-4C001A703709}.AppStore|Any CPU.Deploy.0 = Release|Any CPU
		{AB7B5CDE-B789-41CB-B4F4-4C001A703709}.AppStore|ARM.ActiveCfg = Release|Any CPU
		{AB7B5CDE-B789-41CB-B4F4-4C001A703709}.AppStore|ARM.Build.0 = Release|Any CPU
		{AB7B5CDE-B789-41CB-B4F4-4C001A703709}.AppStore|ARM.Deploy.0 = Release|Any CPU
		{AB7B5CDE-B789-41CB-B4F4-4C001A703709}.AppStore|iPhone.ActiveCfg = Release|Any CPU
		{AB7B5CDE-B789-41CB-B4F4-4C001A703709}.AppStore|iPhone.Build.0 = Release|Any CPU
		{AB7B5CDE-B789-41CB-B4F4-4C001A703709}.AppStore|iPhone.Deploy.0 = Release|Any CPU
		{AB7B5CDE-B789-41CB-B4F4-4C001A703709}.AppStore|iPhoneSimulator.ActiveCfg = Release|Any CPU
		{AB7B5CDE-B789-41CB-B4F4-4C001A703709}.AppStore|iPhoneSimulator.Build.0 = Release|Any CPU
		{AB7B5CDE-B789-41CB-B4F4-4C001A703709}.AppStore|iPhoneSimulator.Deploy.0 = Release|Any CPU
		{AB7B5CDE-B789-41CB-B4F4-4C001A703709}.AppStore|x64.ActiveCfg = Release|Any CPU
		{AB7B5CDE-B789-41CB-B4F4-4C001A703709}.AppStore|x64.Build.0 = Release|Any CPU
		{AB7B5CDE-B789-41CB-B4F4-4C001A703709}.AppStore|x64.Deploy.0 = Release|Any CPU
		{AB7B5CDE-B789-41CB-B4F4-4C001A703709}.AppStore|x86.ActiveCfg = Release|Any CPU
		{AB7B5CDE-B789-41CB-B4F4-4C001A703709}.AppStore|x86.Build.0 = Release|Any CPU
		{AB7B5CDE-B789-41CB-B4F4-4C001A703709}.AppStore|x86.Deploy.0 = Release|Any CPU
		{AB7B5CDE-B789-41CB-B4F4-4C001A703709}.Debug|Any CPU.ActiveCfg = Debug|Any CPU
		{AB7B5CDE-B789-41CB-B4F4-4C001A703709}.Debug|Any CPU.Build.0 = Debug|Any CPU
		{AB7B5CDE-B789-41CB-B4F4-4C001A703709}.Debug|Any CPU.Deploy.0 = Debug|Any CPU
		{AB7B5CDE-B789-41CB-B4F4-4C001A703709}.Debug|ARM.ActiveCfg = Debug|Any CPU
		{AB7B5CDE-B789-41CB-B4F4-4C001A703709}.Debug|ARM.Build.0 = Debug|Any CPU
		{AB7B5CDE-B789-41CB-B4F4-4C001A703709}.Debug|ARM.Deploy.0 = Debug|Any CPU
		{AB7B5CDE-B789-41CB-B4F4-4C001A703709}.Debug|iPhone.ActiveCfg = Debug|Any CPU
		{AB7B5CDE-B789-41CB-B4F4-4C001A703709}.Debug|iPhone.Build.0 = Debug|Any CPU
		{AB7B5CDE-B789-41CB-B4F4-4C001A703709}.Debug|iPhone.Deploy.0 = Debug|Any CPU
		{AB7B5CDE-B789-41CB-B4F4-4C001A703709}.Debug|iPhoneSimulator.ActiveCfg = Debug|Any CPU
		{AB7B5CDE-B789-41CB-B4F4-4C001A703709}.Debug|iPhoneSimulator.Build.0 = Debug|Any CPU
		{AB7B5CDE-B789-41CB-B4F4-4C001A703709}.Debug|iPhoneSimulator.Deploy.0 = Debug|Any CPU
		{AB7B5CDE-B789-41CB-B4F4-4C001A703709}.Debug|x64.ActiveCfg = Debug|Any CPU
		{AB7B5CDE-B789-41CB-B4F4-4C001A703709}.Debug|x64.Build.0 = Debug|Any CPU
		{AB7B5CDE-B789-41CB-B4F4-4C001A703709}.Debug|x64.Deploy.0 = Debug|Any CPU
		{AB7B5CDE-B789-41CB-B4F4-4C001A703709}.Debug|x86.ActiveCfg = Debug|Any CPU
		{AB7B5CDE-B789-41CB-B4F4-4C001A703709}.Debug|x86.Build.0 = Debug|Any CPU
		{AB7B5CDE-B789-41CB-B4F4-4C001A703709}.Debug|x86.Deploy.0 = Debug|Any CPU
		{AB7B5CDE-B789-41CB-B4F4-4C001A703709}.Release|Any CPU.ActiveCfg = Release|Any CPU
		{AB7B5CDE-B789-41CB-B4F4-4C001A703709}.Release|Any CPU.Build.0 = Release|Any CPU
		{AB7B5CDE-B789-41CB-B4F4-4C001A703709}.Release|Any CPU.Deploy.0 = Release|Any CPU
		{AB7B5CDE-B789-41CB-B4F4-4C001A703709}.Release|ARM.ActiveCfg = Release|Any CPU
		{AB7B5CDE-B789-41CB-B4F4-4C001A703709}.Release|ARM.Build.0 = Release|Any CPU
		{AB7B5CDE-B789-41CB-B4F4-4C001A703709}.Release|ARM.Deploy.0 = Release|Any CPU
		{AB7B5CDE-B789-41CB-B4F4-4C001A703709}.Release|iPhone.ActiveCfg = Release|Any CPU
		{AB7B5CDE-B789-41CB-B4F4-4C001A703709}.Release|iPhone.Build.0 = Release|Any CPU
		{AB7B5CDE-B789-41CB-B4F4-4C001A703709}.Release|iPhone.Deploy.0 = Release|Any CPU
		{AB7B5CDE-B789-41CB-B4F4-4C001A703709}.Release|iPhoneSimulator.ActiveCfg = Release|Any CPU
		{AB7B5CDE-B789-41CB-B4F4-4C001A703709}.Release|iPhoneSimulator.Build.0 = Release|Any CPU
		{AB7B5CDE-B789-41CB-B4F4-4C001A703709}.Release|iPhoneSimulator.Deploy.0 = Release|Any CPU
		{AB7B5CDE-B789-41CB-B4F4-4C001A703709}.Release|x64.ActiveCfg = Release|Any CPU
		{AB7B5CDE-B789-41CB-B4F4-4C001A703709}.Release|x64.Build.0 = Release|Any CPU
		{AB7B5CDE-B789-41CB-B4F4-4C001A703709}.Release|x64.Deploy.0 = Release|Any CPU
		{AB7B5CDE-B789-41CB-B4F4-4C001A703709}.Release|x86.ActiveCfg = Release|Any CPU
		{AB7B5CDE-B789-41CB-B4F4-4C001A703709}.Release|x86.Build.0 = Release|Any CPU
		{AB7B5CDE-B789-41CB-B4F4-4C001A703709}.Release|x86.Deploy.0 = Release|Any CPU
		{37237F74-E81D-4474-9BAC-BFAFAC91F2B1}.Ad-Hoc|Any CPU.ActiveCfg = Ad-Hoc|iPhone
		{37237F74-E81D-4474-9BAC-BFAFAC91F2B1}.Ad-Hoc|ARM.ActiveCfg = Ad-Hoc|iPhone
		{37237F74-E81D-4474-9BAC-BFAFAC91F2B1}.Ad-Hoc|iPhone.ActiveCfg = Ad-Hoc|iPhone
		{37237F74-E81D-4474-9BAC-BFAFAC91F2B1}.Ad-Hoc|iPhone.Build.0 = Ad-Hoc|iPhone
		{37237F74-E81D-4474-9BAC-BFAFAC91F2B1}.Ad-Hoc|iPhoneSimulator.ActiveCfg = Ad-Hoc|iPhoneSimulator
		{37237F74-E81D-4474-9BAC-BFAFAC91F2B1}.Ad-Hoc|iPhoneSimulator.Build.0 = Ad-Hoc|iPhoneSimulator
		{37237F74-E81D-4474-9BAC-BFAFAC91F2B1}.Ad-Hoc|x64.ActiveCfg = Ad-Hoc|iPhone
		{37237F74-E81D-4474-9BAC-BFAFAC91F2B1}.Ad-Hoc|x86.ActiveCfg = Ad-Hoc|iPhone
		{37237F74-E81D-4474-9BAC-BFAFAC91F2B1}.AppStore|Any CPU.ActiveCfg = AppStore|iPhone
		{37237F74-E81D-4474-9BAC-BFAFAC91F2B1}.AppStore|ARM.ActiveCfg = AppStore|iPhone
		{37237F74-E81D-4474-9BAC-BFAFAC91F2B1}.AppStore|iPhone.ActiveCfg = AppStore|iPhone
		{37237F74-E81D-4474-9BAC-BFAFAC91F2B1}.AppStore|iPhone.Build.0 = AppStore|iPhone
		{37237F74-E81D-4474-9BAC-BFAFAC91F2B1}.AppStore|iPhoneSimulator.ActiveCfg = AppStore|iPhoneSimulator
		{37237F74-E81D-4474-9BAC-BFAFAC91F2B1}.AppStore|iPhoneSimulator.Build.0 = AppStore|iPhoneSimulator
		{37237F74-E81D-4474-9BAC-BFAFAC91F2B1}.AppStore|x64.ActiveCfg = AppStore|iPhone
		{37237F74-E81D-4474-9BAC-BFAFAC91F2B1}.AppStore|x86.ActiveCfg = AppStore|iPhone
		{37237F74-E81D-4474-9BAC-BFAFAC91F2B1}.Debug|Any CPU.ActiveCfg = Debug|iPhone
		{37237F74-E81D-4474-9BAC-BFAFAC91F2B1}.Debug|ARM.ActiveCfg = Debug|iPhone
		{37237F74-E81D-4474-9BAC-BFAFAC91F2B1}.Debug|iPhone.ActiveCfg = Debug|iPhone
		{37237F74-E81D-4474-9BAC-BFAFAC91F2B1}.Debug|iPhone.Build.0 = Debug|iPhone
		{37237F74-E81D-4474-9BAC-BFAFAC91F2B1}.Debug|iPhoneSimulator.ActiveCfg = Debug|iPhoneSimulator
		{37237F74-E81D-4474-9BAC-BFAFAC91F2B1}.Debug|iPhoneSimulator.Build.0 = Debug|iPhoneSimulator
		{37237F74-E81D-4474-9BAC-BFAFAC91F2B1}.Debug|x64.ActiveCfg = Debug|iPhone
		{37237F74-E81D-4474-9BAC-BFAFAC91F2B1}.Debug|x86.ActiveCfg = Debug|iPhone
		{37237F74-E81D-4474-9BAC-BFAFAC91F2B1}.Release|Any CPU.ActiveCfg = Release|iPhone
		{37237F74-E81D-4474-9BAC-BFAFAC91F2B1}.Release|ARM.ActiveCfg = Release|iPhone
		{37237F74-E81D-4474-9BAC-BFAFAC91F2B1}.Release|iPhone.ActiveCfg = Release|iPhone
		{37237F74-E81D-4474-9BAC-BFAFAC91F2B1}.Release|iPhone.Build.0 = Release|iPhone
		{37237F74-E81D-4474-9BAC-BFAFAC91F2B1}.Release|iPhoneSimulator.ActiveCfg = Release|iPhoneSimulator
		{37237F74-E81D-4474-9BAC-BFAFAC91F2B1}.Release|iPhoneSimulator.Build.0 = Release|iPhoneSimulator
		{37237F74-E81D-4474-9BAC-BFAFAC91F2B1}.Release|x64.ActiveCfg = Release|iPhone
		{37237F74-E81D-4474-9BAC-BFAFAC91F2B1}.Release|x86.ActiveCfg = Release|iPhone
		{3703EA43-C8ED-4DA8-870C-BBCF1239DE71}.Ad-Hoc|Any CPU.ActiveCfg = Release|Any CPU
		{3703EA43-C8ED-4DA8-870C-BBCF1239DE71}.Ad-Hoc|Any CPU.Build.0 = Release|Any CPU
		{3703EA43-C8ED-4DA8-870C-BBCF1239DE71}.Ad-Hoc|Any CPU.Deploy.0 = Release|Any CPU
		{3703EA43-C8ED-4DA8-870C-BBCF1239DE71}.Ad-Hoc|ARM.ActiveCfg = Release|ARM
		{3703EA43-C8ED-4DA8-870C-BBCF1239DE71}.Ad-Hoc|ARM.Build.0 = Release|ARM
		{3703EA43-C8ED-4DA8-870C-BBCF1239DE71}.Ad-Hoc|ARM.Deploy.0 = Release|ARM
		{3703EA43-C8ED-4DA8-870C-BBCF1239DE71}.Ad-Hoc|iPhone.ActiveCfg = Release|Any CPU
		{3703EA43-C8ED-4DA8-870C-BBCF1239DE71}.Ad-Hoc|iPhone.Build.0 = Release|Any CPU
		{3703EA43-C8ED-4DA8-870C-BBCF1239DE71}.Ad-Hoc|iPhone.Deploy.0 = Release|Any CPU
		{3703EA43-C8ED-4DA8-870C-BBCF1239DE71}.Ad-Hoc|iPhoneSimulator.ActiveCfg = Release|Any CPU
		{3703EA43-C8ED-4DA8-870C-BBCF1239DE71}.Ad-Hoc|iPhoneSimulator.Build.0 = Release|Any CPU
		{3703EA43-C8ED-4DA8-870C-BBCF1239DE71}.Ad-Hoc|iPhoneSimulator.Deploy.0 = Release|Any CPU
		{3703EA43-C8ED-4DA8-870C-BBCF1239DE71}.Ad-Hoc|x64.ActiveCfg = Release|Any CPU
		{3703EA43-C8ED-4DA8-870C-BBCF1239DE71}.Ad-Hoc|x64.Build.0 = Release|Any CPU
		{3703EA43-C8ED-4DA8-870C-BBCF1239DE71}.Ad-Hoc|x64.Deploy.0 = Release|Any CPU
		{3703EA43-C8ED-4DA8-870C-BBCF1239DE71}.Ad-Hoc|x86.ActiveCfg = Release|x86
		{3703EA43-C8ED-4DA8-870C-BBCF1239DE71}.Ad-Hoc|x86.Build.0 = Release|x86
		{3703EA43-C8ED-4DA8-870C-BBCF1239DE71}.Ad-Hoc|x86.Deploy.0 = Release|x86
		{3703EA43-C8ED-4DA8-870C-BBCF1239DE71}.AppStore|Any CPU.ActiveCfg = Release|Any CPU
		{3703EA43-C8ED-4DA8-870C-BBCF1239DE71}.AppStore|Any CPU.Build.0 = Release|Any CPU
		{3703EA43-C8ED-4DA8-870C-BBCF1239DE71}.AppStore|Any CPU.Deploy.0 = Release|Any CPU
		{3703EA43-C8ED-4DA8-870C-BBCF1239DE71}.AppStore|ARM.ActiveCfg = Release|ARM
		{3703EA43-C8ED-4DA8-870C-BBCF1239DE71}.AppStore|ARM.Build.0 = Release|ARM
		{3703EA43-C8ED-4DA8-870C-BBCF1239DE71}.AppStore|ARM.Deploy.0 = Release|ARM
		{3703EA43-C8ED-4DA8-870C-BBCF1239DE71}.AppStore|iPhone.ActiveCfg = Release|Any CPU
		{3703EA43-C8ED-4DA8-870C-BBCF1239DE71}.AppStore|iPhone.Build.0 = Release|Any CPU
		{3703EA43-C8ED-4DA8-870C-BBCF1239DE71}.AppStore|iPhone.Deploy.0 = Release|Any CPU
		{3703EA43-C8ED-4DA8-870C-BBCF1239DE71}.AppStore|iPhoneSimulator.ActiveCfg = Release|Any CPU
		{3703EA43-C8ED-4DA8-870C-BBCF1239DE71}.AppStore|iPhoneSimulator.Build.0 = Release|Any CPU
		{3703EA43-C8ED-4DA8-870C-BBCF1239DE71}.AppStore|iPhoneSimulator.Deploy.0 = Release|Any CPU
		{3703EA43-C8ED-4DA8-870C-BBCF1239DE71}.AppStore|x64.ActiveCfg = Release|Any CPU
		{3703EA43-C8ED-4DA8-870C-BBCF1239DE71}.AppStore|x64.Build.0 = Release|Any CPU
		{3703EA43-C8ED-4DA8-870C-BBCF1239DE71}.AppStore|x64.Deploy.0 = Release|Any CPU
		{3703EA43-C8ED-4DA8-870C-BBCF1239DE71}.AppStore|x86.ActiveCfg = Release|x86
		{3703EA43-C8ED-4DA8-870C-BBCF1239DE71}.AppStore|x86.Build.0 = Release|x86
		{3703EA43-C8ED-4DA8-870C-BBCF1239DE71}.AppStore|x86.Deploy.0 = Release|x86
		{3703EA43-C8ED-4DA8-870C-BBCF1239DE71}.Debug|Any CPU.ActiveCfg = Debug|Any CPU
		{3703EA43-C8ED-4DA8-870C-BBCF1239DE71}.Debug|Any CPU.Build.0 = Debug|Any CPU
		{3703EA43-C8ED-4DA8-870C-BBCF1239DE71}.Debug|Any CPU.Deploy.0 = Debug|Any CPU
		{3703EA43-C8ED-4DA8-870C-BBCF1239DE71}.Debug|ARM.ActiveCfg = Debug|ARM
		{3703EA43-C8ED-4DA8-870C-BBCF1239DE71}.Debug|ARM.Build.0 = Debug|ARM
		{3703EA43-C8ED-4DA8-870C-BBCF1239DE71}.Debug|ARM.Deploy.0 = Debug|ARM
		{3703EA43-C8ED-4DA8-870C-BBCF1239DE71}.Debug|iPhone.ActiveCfg = Debug|Any CPU
		{3703EA43-C8ED-4DA8-870C-BBCF1239DE71}.Debug|iPhone.Build.0 = Debug|Any CPU
		{3703EA43-C8ED-4DA8-870C-BBCF1239DE71}.Debug|iPhone.Deploy.0 = Debug|Any CPU
		{3703EA43-C8ED-4DA8-870C-BBCF1239DE71}.Debug|iPhoneSimulator.ActiveCfg = Debug|Any CPU
		{3703EA43-C8ED-4DA8-870C-BBCF1239DE71}.Debug|iPhoneSimulator.Build.0 = Debug|Any CPU
		{3703EA43-C8ED-4DA8-870C-BBCF1239DE71}.Debug|iPhoneSimulator.Deploy.0 = Debug|Any CPU
		{3703EA43-C8ED-4DA8-870C-BBCF1239DE71}.Debug|x64.ActiveCfg = Debug|Any CPU
		{3703EA43-C8ED-4DA8-870C-BBCF1239DE71}.Debug|x64.Build.0 = Debug|Any CPU
		{3703EA43-C8ED-4DA8-870C-BBCF1239DE71}.Debug|x64.Deploy.0 = Debug|Any CPU
		{3703EA43-C8ED-4DA8-870C-BBCF1239DE71}.Debug|x86.ActiveCfg = Debug|x86
		{3703EA43-C8ED-4DA8-870C-BBCF1239DE71}.Debug|x86.Build.0 = Debug|x86
		{3703EA43-C8ED-4DA8-870C-BBCF1239DE71}.Debug|x86.Deploy.0 = Debug|x86
		{3703EA43-C8ED-4DA8-870C-BBCF1239DE71}.Release|Any CPU.ActiveCfg = Release|Any CPU
		{3703EA43-C8ED-4DA8-870C-BBCF1239DE71}.Release|Any CPU.Build.0 = Release|Any CPU
		{3703EA43-C8ED-4DA8-870C-BBCF1239DE71}.Release|Any CPU.Deploy.0 = Release|Any CPU
		{3703EA43-C8ED-4DA8-870C-BBCF1239DE71}.Release|ARM.ActiveCfg = Release|ARM
		{3703EA43-C8ED-4DA8-870C-BBCF1239DE71}.Release|ARM.Build.0 = Release|ARM
		{3703EA43-C8ED-4DA8-870C-BBCF1239DE71}.Release|ARM.Deploy.0 = Release|ARM
		{3703EA43-C8ED-4DA8-870C-BBCF1239DE71}.Release|iPhone.ActiveCfg = Release|Any CPU
		{3703EA43-C8ED-4DA8-870C-BBCF1239DE71}.Release|iPhone.Build.0 = Release|Any CPU
		{3703EA43-C8ED-4DA8-870C-BBCF1239DE71}.Release|iPhone.Deploy.0 = Release|Any CPU
		{3703EA43-C8ED-4DA8-870C-BBCF1239DE71}.Release|iPhoneSimulator.ActiveCfg = Release|Any CPU
		{3703EA43-C8ED-4DA8-870C-BBCF1239DE71}.Release|iPhoneSimulator.Build.0 = Release|Any CPU
		{3703EA43-C8ED-4DA8-870C-BBCF1239DE71}.Release|iPhoneSimulator.Deploy.0 = Release|Any CPU
		{3703EA43-C8ED-4DA8-870C-BBCF1239DE71}.Release|x64.ActiveCfg = Release|Any CPU
		{3703EA43-C8ED-4DA8-870C-BBCF1239DE71}.Release|x64.Build.0 = Release|Any CPU
		{3703EA43-C8ED-4DA8-870C-BBCF1239DE71}.Release|x64.Deploy.0 = Release|Any CPU
		{3703EA43-C8ED-4DA8-870C-BBCF1239DE71}.Release|x86.ActiveCfg = Release|x86
		{3703EA43-C8ED-4DA8-870C-BBCF1239DE71}.Release|x86.Build.0 = Release|x86
		{3703EA43-C8ED-4DA8-870C-BBCF1239DE71}.Release|x86.Deploy.0 = Release|x86
		{84AE5E1D-96EF-4FC7-BA4B-6BF258C0A7A5}.Ad-Hoc|Any CPU.ActiveCfg = Release|x86
		{84AE5E1D-96EF-4FC7-BA4B-6BF258C0A7A5}.Ad-Hoc|Any CPU.Build.0 = Release|x86
		{84AE5E1D-96EF-4FC7-BA4B-6BF258C0A7A5}.Ad-Hoc|Any CPU.Deploy.0 = Release|x86
		{84AE5E1D-96EF-4FC7-BA4B-6BF258C0A7A5}.Ad-Hoc|ARM.ActiveCfg = Release|ARM
		{84AE5E1D-96EF-4FC7-BA4B-6BF258C0A7A5}.Ad-Hoc|ARM.Build.0 = Release|ARM
		{84AE5E1D-96EF-4FC7-BA4B-6BF258C0A7A5}.Ad-Hoc|ARM.Deploy.0 = Release|ARM
		{84AE5E1D-96EF-4FC7-BA4B-6BF258C0A7A5}.Ad-Hoc|iPhone.ActiveCfg = Release|x86
		{84AE5E1D-96EF-4FC7-BA4B-6BF258C0A7A5}.Ad-Hoc|iPhone.Build.0 = Release|x86
		{84AE5E1D-96EF-4FC7-BA4B-6BF258C0A7A5}.Ad-Hoc|iPhone.Deploy.0 = Release|x86
		{84AE5E1D-96EF-4FC7-BA4B-6BF258C0A7A5}.Ad-Hoc|iPhoneSimulator.ActiveCfg = Release|x86
		{84AE5E1D-96EF-4FC7-BA4B-6BF258C0A7A5}.Ad-Hoc|iPhoneSimulator.Build.0 = Release|x86
		{84AE5E1D-96EF-4FC7-BA4B-6BF258C0A7A5}.Ad-Hoc|iPhoneSimulator.Deploy.0 = Release|x86
		{84AE5E1D-96EF-4FC7-BA4B-6BF258C0A7A5}.Ad-Hoc|x64.ActiveCfg = Release|x64
		{84AE5E1D-96EF-4FC7-BA4B-6BF258C0A7A5}.Ad-Hoc|x64.Build.0 = Release|x64
		{84AE5E1D-96EF-4FC7-BA4B-6BF258C0A7A5}.Ad-Hoc|x64.Deploy.0 = Release|x64
		{84AE5E1D-96EF-4FC7-BA4B-6BF258C0A7A5}.Ad-Hoc|x86.ActiveCfg = Release|x86
		{84AE5E1D-96EF-4FC7-BA4B-6BF258C0A7A5}.Ad-Hoc|x86.Build.0 = Release|x86
		{84AE5E1D-96EF-4FC7-BA4B-6BF258C0A7A5}.Ad-Hoc|x86.Deploy.0 = Release|x86
		{84AE5E1D-96EF-4FC7-BA4B-6BF258C0A7A5}.AppStore|Any CPU.ActiveCfg = Release|x86
		{84AE5E1D-96EF-4FC7-BA4B-6BF258C0A7A5}.AppStore|Any CPU.Build.0 = Release|x86
		{84AE5E1D-96EF-4FC7-BA4B-6BF258C0A7A5}.AppStore|Any CPU.Deploy.0 = Release|x86
		{84AE5E1D-96EF-4FC7-BA4B-6BF258C0A7A5}.AppStore|ARM.ActiveCfg = Release|ARM
		{84AE5E1D-96EF-4FC7-BA4B-6BF258C0A7A5}.AppStore|ARM.Build.0 = Release|ARM
		{84AE5E1D-96EF-4FC7-BA4B-6BF258C0A7A5}.AppStore|ARM.Deploy.0 = Release|ARM
		{84AE5E1D-96EF-4FC7-BA4B-6BF258C0A7A5}.AppStore|iPhone.ActiveCfg = Release|x86
		{84AE5E1D-96EF-4FC7-BA4B-6BF258C0A7A5}.AppStore|iPhone.Build.0 = Release|x86
		{84AE5E1D-96EF-4FC7-BA4B-6BF258C0A7A5}.AppStore|iPhone.Deploy.0 = Release|x86
		{84AE5E1D-96EF-4FC7-BA4B-6BF258C0A7A5}.AppStore|iPhoneSimulator.ActiveCfg = Release|x86
		{84AE5E1D-96EF-4FC7-BA4B-6BF258C0A7A5}.AppStore|iPhoneSimulator.Build.0 = Release|x86
		{84AE5E1D-96EF-4FC7-BA4B-6BF258C0A7A5}.AppStore|iPhoneSimulator.Deploy.0 = Release|x86
		{84AE5E1D-96EF-4FC7-BA4B-6BF258C0A7A5}.AppStore|x64.ActiveCfg = Release|x64
		{84AE5E1D-96EF-4FC7-BA4B-6BF258C0A7A5}.AppStore|x64.Build.0 = Release|x64
		{84AE5E1D-96EF-4FC7-BA4B-6BF258C0A7A5}.AppStore|x64.Deploy.0 = Release|x64
		{84AE5E1D-96EF-4FC7-BA4B-6BF258C0A7A5}.AppStore|x86.ActiveCfg = Release|x86
		{84AE5E1D-96EF-4FC7-BA4B-6BF258C0A7A5}.AppStore|x86.Build.0 = Release|x86
		{84AE5E1D-96EF-4FC7-BA4B-6BF258C0A7A5}.AppStore|x86.Deploy.0 = Release|x86
		{84AE5E1D-96EF-4FC7-BA4B-6BF258C0A7A5}.Debug|Any CPU.ActiveCfg = Debug|x86
		{84AE5E1D-96EF-4FC7-BA4B-6BF258C0A7A5}.Debug|ARM.ActiveCfg = Debug|ARM
		{84AE5E1D-96EF-4FC7-BA4B-6BF258C0A7A5}.Debug|ARM.Build.0 = Debug|ARM
		{84AE5E1D-96EF-4FC7-BA4B-6BF258C0A7A5}.Debug|ARM.Deploy.0 = Debug|ARM
		{84AE5E1D-96EF-4FC7-BA4B-6BF258C0A7A5}.Debug|iPhone.ActiveCfg = Debug|x86
		{84AE5E1D-96EF-4FC7-BA4B-6BF258C0A7A5}.Debug|iPhoneSimulator.ActiveCfg = Debug|x86
		{84AE5E1D-96EF-4FC7-BA4B-6BF258C0A7A5}.Debug|x64.ActiveCfg = Debug|x64
		{84AE5E1D-96EF-4FC7-BA4B-6BF258C0A7A5}.Debug|x64.Build.0 = Debug|x64
		{84AE5E1D-96EF-4FC7-BA4B-6BF258C0A7A5}.Debug|x64.Deploy.0 = Debug|x64
		{84AE5E1D-96EF-4FC7-BA4B-6BF258C0A7A5}.Debug|x86.ActiveCfg = Debug|x86
		{84AE5E1D-96EF-4FC7-BA4B-6BF258C0A7A5}.Debug|x86.Build.0 = Debug|x86
		{84AE5E1D-96EF-4FC7-BA4B-6BF258C0A7A5}.Debug|x86.Deploy.0 = Debug|x86
		{84AE5E1D-96EF-4FC7-BA4B-6BF258C0A7A5}.Release|Any CPU.ActiveCfg = Release|x86
		{84AE5E1D-96EF-4FC7-BA4B-6BF258C0A7A5}.Release|ARM.ActiveCfg = Release|ARM
		{84AE5E1D-96EF-4FC7-BA4B-6BF258C0A7A5}.Release|ARM.Build.0 = Release|ARM
		{84AE5E1D-96EF-4FC7-BA4B-6BF258C0A7A5}.Release|ARM.Deploy.0 = Release|ARM
		{84AE5E1D-96EF-4FC7-BA4B-6BF258C0A7A5}.Release|iPhone.ActiveCfg = Release|x86
		{84AE5E1D-96EF-4FC7-BA4B-6BF258C0A7A5}.Release|iPhoneSimulator.ActiveCfg = Release|x86
		{84AE5E1D-96EF-4FC7-BA4B-6BF258C0A7A5}.Release|x64.ActiveCfg = Release|x64
		{84AE5E1D-96EF-4FC7-BA4B-6BF258C0A7A5}.Release|x64.Build.0 = Release|x64
		{84AE5E1D-96EF-4FC7-BA4B-6BF258C0A7A5}.Release|x64.Deploy.0 = Release|x64
		{84AE5E1D-96EF-4FC7-BA4B-6BF258C0A7A5}.Release|x86.ActiveCfg = Release|x86
		{84AE5E1D-96EF-4FC7-BA4B-6BF258C0A7A5}.Release|x86.Build.0 = Release|x86
		{84AE5E1D-96EF-4FC7-BA4B-6BF258C0A7A5}.Release|x86.Deploy.0 = Release|x86
		{0A88FE00-5A8D-4EB3-9328-25B0AB30154C}.Ad-Hoc|Any CPU.ActiveCfg = Release|Any CPU
		{0A88FE00-5A8D-4EB3-9328-25B0AB30154C}.Ad-Hoc|Any CPU.Build.0 = Release|Any CPU
		{0A88FE00-5A8D-4EB3-9328-25B0AB30154C}.Ad-Hoc|Any CPU.Deploy.0 = Release|Any CPU
		{0A88FE00-5A8D-4EB3-9328-25B0AB30154C}.Ad-Hoc|ARM.ActiveCfg = Release|ARM
		{0A88FE00-5A8D-4EB3-9328-25B0AB30154C}.Ad-Hoc|ARM.Build.0 = Release|ARM
		{0A88FE00-5A8D-4EB3-9328-25B0AB30154C}.Ad-Hoc|ARM.Deploy.0 = Release|ARM
		{0A88FE00-5A8D-4EB3-9328-25B0AB30154C}.Ad-Hoc|iPhone.ActiveCfg = Release|Any CPU
		{0A88FE00-5A8D-4EB3-9328-25B0AB30154C}.Ad-Hoc|iPhone.Build.0 = Release|Any CPU
		{0A88FE00-5A8D-4EB3-9328-25B0AB30154C}.Ad-Hoc|iPhone.Deploy.0 = Release|Any CPU
		{0A88FE00-5A8D-4EB3-9328-25B0AB30154C}.Ad-Hoc|iPhoneSimulator.ActiveCfg = Release|Any CPU
		{0A88FE00-5A8D-4EB3-9328-25B0AB30154C}.Ad-Hoc|iPhoneSimulator.Build.0 = Release|Any CPU
		{0A88FE00-5A8D-4EB3-9328-25B0AB30154C}.Ad-Hoc|iPhoneSimulator.Deploy.0 = Release|Any CPU
		{0A88FE00-5A8D-4EB3-9328-25B0AB30154C}.Ad-Hoc|x64.ActiveCfg = Release|x64
		{0A88FE00-5A8D-4EB3-9328-25B0AB30154C}.Ad-Hoc|x64.Build.0 = Release|x64
		{0A88FE00-5A8D-4EB3-9328-25B0AB30154C}.Ad-Hoc|x64.Deploy.0 = Release|x64
		{0A88FE00-5A8D-4EB3-9328-25B0AB30154C}.Ad-Hoc|x86.ActiveCfg = Release|x86
		{0A88FE00-5A8D-4EB3-9328-25B0AB30154C}.Ad-Hoc|x86.Build.0 = Release|x86
		{0A88FE00-5A8D-4EB3-9328-25B0AB30154C}.Ad-Hoc|x86.Deploy.0 = Release|x86
		{0A88FE00-5A8D-4EB3-9328-25B0AB30154C}.AppStore|Any CPU.ActiveCfg = Release|Any CPU
		{0A88FE00-5A8D-4EB3-9328-25B0AB30154C}.AppStore|Any CPU.Build.0 = Release|Any CPU
		{0A88FE00-5A8D-4EB3-9328-25B0AB30154C}.AppStore|Any CPU.Deploy.0 = Release|Any CPU
		{0A88FE00-5A8D-4EB3-9328-25B0AB30154C}.AppStore|ARM.ActiveCfg = Release|ARM
		{0A88FE00-5A8D-4EB3-9328-25B0AB30154C}.AppStore|ARM.Build.0 = Release|ARM
		{0A88FE00-5A8D-4EB3-9328-25B0AB30154C}.AppStore|ARM.Deploy.0 = Release|ARM
		{0A88FE00-5A8D-4EB3-9328-25B0AB30154C}.AppStore|iPhone.ActiveCfg = Release|Any CPU
		{0A88FE00-5A8D-4EB3-9328-25B0AB30154C}.AppStore|iPhone.Build.0 = Release|Any CPU
		{0A88FE00-5A8D-4EB3-9328-25B0AB30154C}.AppStore|iPhone.Deploy.0 = Release|Any CPU
		{0A88FE00-5A8D-4EB3-9328-25B0AB30154C}.AppStore|iPhoneSimulator.ActiveCfg = Release|Any CPU
		{0A88FE00-5A8D-4EB3-9328-25B0AB30154C}.AppStore|iPhoneSimulator.Build.0 = Release|Any CPU
		{0A88FE00-5A8D-4EB3-9328-25B0AB30154C}.AppStore|iPhoneSimulator.Deploy.0 = Release|Any CPU
		{0A88FE00-5A8D-4EB3-9328-25B0AB30154C}.AppStore|x64.ActiveCfg = Release|x64
		{0A88FE00-5A8D-4EB3-9328-25B0AB30154C}.AppStore|x64.Build.0 = Release|x64
		{0A88FE00-5A8D-4EB3-9328-25B0AB30154C}.AppStore|x64.Deploy.0 = Release|x64
		{0A88FE00-5A8D-4EB3-9328-25B0AB30154C}.AppStore|x86.ActiveCfg = Release|x86
		{0A88FE00-5A8D-4EB3-9328-25B0AB30154C}.AppStore|x86.Build.0 = Release|x86
		{0A88FE00-5A8D-4EB3-9328-25B0AB30154C}.AppStore|x86.Deploy.0 = Release|x86
		{0A88FE00-5A8D-4EB3-9328-25B0AB30154C}.Debug|Any CPU.ActiveCfg = Debug|Any CPU
		{0A88FE00-5A8D-4EB3-9328-25B0AB30154C}.Debug|Any CPU.Build.0 = Debug|Any CPU
		{0A88FE00-5A8D-4EB3-9328-25B0AB30154C}.Debug|Any CPU.Deploy.0 = Debug|Any CPU
		{0A88FE00-5A8D-4EB3-9328-25B0AB30154C}.Debug|ARM.ActiveCfg = Debug|ARM
		{0A88FE00-5A8D-4EB3-9328-25B0AB30154C}.Debug|ARM.Build.0 = Debug|ARM
		{0A88FE00-5A8D-4EB3-9328-25B0AB30154C}.Debug|ARM.Deploy.0 = Debug|ARM
		{0A88FE00-5A8D-4EB3-9328-25B0AB30154C}.Debug|iPhone.ActiveCfg = Debug|Any CPU
		{0A88FE00-5A8D-4EB3-9328-25B0AB30154C}.Debug|iPhone.Build.0 = Debug|Any CPU
		{0A88FE00-5A8D-4EB3-9328-25B0AB30154C}.Debug|iPhone.Deploy.0 = Debug|Any CPU
		{0A88FE00-5A8D-4EB3-9328-25B0AB30154C}.Debug|iPhoneSimulator.ActiveCfg = Debug|Any CPU
		{0A88FE00-5A8D-4EB3-9328-25B0AB30154C}.Debug|iPhoneSimulator.Build.0 = Debug|Any CPU
		{0A88FE00-5A8D-4EB3-9328-25B0AB30154C}.Debug|iPhoneSimulator.Deploy.0 = Debug|Any CPU
		{0A88FE00-5A8D-4EB3-9328-25B0AB30154C}.Debug|x64.ActiveCfg = Debug|x64
		{0A88FE00-5A8D-4EB3-9328-25B0AB30154C}.Debug|x64.Build.0 = Debug|x64
		{0A88FE00-5A8D-4EB3-9328-25B0AB30154C}.Debug|x64.Deploy.0 = Debug|x64
		{0A88FE00-5A8D-4EB3-9328-25B0AB30154C}.Debug|x86.ActiveCfg = Debug|x86
		{0A88FE00-5A8D-4EB3-9328-25B0AB30154C}.Debug|x86.Build.0 = Debug|x86
		{0A88FE00-5A8D-4EB3-9328-25B0AB30154C}.Debug|x86.Deploy.0 = Debug|x86
		{0A88FE00-5A8D-4EB3-9328-25B0AB30154C}.Release|Any CPU.ActiveCfg = Release|Any CPU
		{0A88FE00-5A8D-4EB3-9328-25B0AB30154C}.Release|Any CPU.Build.0 = Release|Any CPU
		{0A88FE00-5A8D-4EB3-9328-25B0AB30154C}.Release|Any CPU.Deploy.0 = Release|Any CPU
		{0A88FE00-5A8D-4EB3-9328-25B0AB30154C}.Release|ARM.ActiveCfg = Release|ARM
		{0A88FE00-5A8D-4EB3-9328-25B0AB30154C}.Release|ARM.Build.0 = Release|ARM
		{0A88FE00-5A8D-4EB3-9328-25B0AB30154C}.Release|ARM.Deploy.0 = Release|ARM
		{0A88FE00-5A8D-4EB3-9328-25B0AB30154C}.Release|iPhone.ActiveCfg = Release|Any CPU
		{0A88FE00-5A8D-4EB3-9328-25B0AB30154C}.Release|iPhone.Build.0 = Release|Any CPU
		{0A88FE00-5A8D-4EB3-9328-25B0AB30154C}.Release|iPhone.Deploy.0 = Release|Any CPU
		{0A88FE00-5A8D-4EB3-9328-25B0AB30154C}.Release|iPhoneSimulator.ActiveCfg = Release|Any CPU
		{0A88FE00-5A8D-4EB3-9328-25B0AB30154C}.Release|iPhoneSimulator.Build.0 = Release|Any CPU
		{0A88FE00-5A8D-4EB3-9328-25B0AB30154C}.Release|iPhoneSimulator.Deploy.0 = Release|Any CPU
		{0A88FE00-5A8D-4EB3-9328-25B0AB30154C}.Release|x64.ActiveCfg = Release|x64
		{0A88FE00-5A8D-4EB3-9328-25B0AB30154C}.Release|x64.Build.0 = Release|x64
		{0A88FE00-5A8D-4EB3-9328-25B0AB30154C}.Release|x64.Deploy.0 = Release|x64
		{0A88FE00-5A8D-4EB3-9328-25B0AB30154C}.Release|x86.ActiveCfg = Release|x86
		{0A88FE00-5A8D-4EB3-9328-25B0AB30154C}.Release|x86.Build.0 = Release|x86
		{0A88FE00-5A8D-4EB3-9328-25B0AB30154C}.Release|x86.Deploy.0 = Release|x86
		{E8E7BE8B-D82E-4693-BAC8-0143F78D093A}.Ad-Hoc|Any CPU.ActiveCfg = Release|Any CPU
		{E8E7BE8B-D82E-4693-BAC8-0143F78D093A}.Ad-Hoc|Any CPU.Build.0 = Release|Any CPU
		{E8E7BE8B-D82E-4693-BAC8-0143F78D093A}.Ad-Hoc|ARM.ActiveCfg = Release|Any CPU
		{E8E7BE8B-D82E-4693-BAC8-0143F78D093A}.Ad-Hoc|ARM.Build.0 = Release|Any CPU
		{E8E7BE8B-D82E-4693-BAC8-0143F78D093A}.Ad-Hoc|iPhone.ActiveCfg = Release|Any CPU
		{E8E7BE8B-D82E-4693-BAC8-0143F78D093A}.Ad-Hoc|iPhone.Build.0 = Release|Any CPU
		{E8E7BE8B-D82E-4693-BAC8-0143F78D093A}.Ad-Hoc|iPhoneSimulator.ActiveCfg = Release|Any CPU
		{E8E7BE8B-D82E-4693-BAC8-0143F78D093A}.Ad-Hoc|iPhoneSimulator.Build.0 = Release|Any CPU
		{E8E7BE8B-D82E-4693-BAC8-0143F78D093A}.Ad-Hoc|x64.ActiveCfg = Release|Any CPU
		{E8E7BE8B-D82E-4693-BAC8-0143F78D093A}.Ad-Hoc|x64.Build.0 = Release|Any CPU
		{E8E7BE8B-D82E-4693-BAC8-0143F78D093A}.Ad-Hoc|x86.ActiveCfg = Release|Any CPU
		{E8E7BE8B-D82E-4693-BAC8-0143F78D093A}.Ad-Hoc|x86.Build.0 = Release|Any CPU
		{E8E7BE8B-D82E-4693-BAC8-0143F78D093A}.AppStore|Any CPU.ActiveCfg = Release|Any CPU
		{E8E7BE8B-D82E-4693-BAC8-0143F78D093A}.AppStore|Any CPU.Build.0 = Release|Any CPU
		{E8E7BE8B-D82E-4693-BAC8-0143F78D093A}.AppStore|ARM.ActiveCfg = Release|Any CPU
		{E8E7BE8B-D82E-4693-BAC8-0143F78D093A}.AppStore|ARM.Build.0 = Release|Any CPU
		{E8E7BE8B-D82E-4693-BAC8-0143F78D093A}.AppStore|iPhone.ActiveCfg = Release|Any CPU
		{E8E7BE8B-D82E-4693-BAC8-0143F78D093A}.AppStore|iPhone.Build.0 = Release|Any CPU
		{E8E7BE8B-D82E-4693-BAC8-0143F78D093A}.AppStore|iPhoneSimulator.ActiveCfg = Release|Any CPU
		{E8E7BE8B-D82E-4693-BAC8-0143F78D093A}.AppStore|iPhoneSimulator.Build.0 = Release|Any CPU
		{E8E7BE8B-D82E-4693-BAC8-0143F78D093A}.AppStore|x64.ActiveCfg = Release|Any CPU
		{E8E7BE8B-D82E-4693-BAC8-0143F78D093A}.AppStore|x64.Build.0 = Release|Any CPU
		{E8E7BE8B-D82E-4693-BAC8-0143F78D093A}.AppStore|x86.ActiveCfg = Release|Any CPU
		{E8E7BE8B-D82E-4693-BAC8-0143F78D093A}.AppStore|x86.Build.0 = Release|Any CPU
		{E8E7BE8B-D82E-4693-BAC8-0143F78D093A}.Debug|Any CPU.ActiveCfg = Debug|Any CPU
		{E8E7BE8B-D82E-4693-BAC8-0143F78D093A}.Debug|Any CPU.Build.0 = Debug|Any CPU
		{E8E7BE8B-D82E-4693-BAC8-0143F78D093A}.Debug|ARM.ActiveCfg = Debug|Any CPU
		{E8E7BE8B-D82E-4693-BAC8-0143F78D093A}.Debug|ARM.Build.0 = Debug|Any CPU
		{E8E7BE8B-D82E-4693-BAC8-0143F78D093A}.Debug|iPhone.ActiveCfg = Debug|Any CPU
		{E8E7BE8B-D82E-4693-BAC8-0143F78D093A}.Debug|iPhone.Build.0 = Debug|Any CPU
		{E8E7BE8B-D82E-4693-BAC8-0143F78D093A}.Debug|iPhoneSimulator.ActiveCfg = Debug|Any CPU
		{E8E7BE8B-D82E-4693-BAC8-0143F78D093A}.Debug|iPhoneSimulator.Build.0 = Debug|Any CPU
		{E8E7BE8B-D82E-4693-BAC8-0143F78D093A}.Debug|x64.ActiveCfg = Debug|Any CPU
		{E8E7BE8B-D82E-4693-BAC8-0143F78D093A}.Debug|x64.Build.0 = Debug|Any CPU
		{E8E7BE8B-D82E-4693-BAC8-0143F78D093A}.Debug|x86.ActiveCfg = Debug|Any CPU
		{E8E7BE8B-D82E-4693-BAC8-0143F78D093A}.Debug|x86.Build.0 = Debug|Any CPU
		{E8E7BE8B-D82E-4693-BAC8-0143F78D093A}.Release|Any CPU.ActiveCfg = Release|Any CPU
		{E8E7BE8B-D82E-4693-BAC8-0143F78D093A}.Release|Any CPU.Build.0 = Release|Any CPU
		{E8E7BE8B-D82E-4693-BAC8-0143F78D093A}.Release|ARM.ActiveCfg = Release|Any CPU
		{E8E7BE8B-D82E-4693-BAC8-0143F78D093A}.Release|ARM.Build.0 = Release|Any CPU
		{E8E7BE8B-D82E-4693-BAC8-0143F78D093A}.Release|iPhone.ActiveCfg = Release|Any CPU
		{E8E7BE8B-D82E-4693-BAC8-0143F78D093A}.Release|iPhone.Build.0 = Release|Any CPU
		{E8E7BE8B-D82E-4693-BAC8-0143F78D093A}.Release|iPhoneSimulator.ActiveCfg = Release|Any CPU
		{E8E7BE8B-D82E-4693-BAC8-0143F78D093A}.Release|iPhoneSimulator.Build.0 = Release|Any CPU
		{E8E7BE8B-D82E-4693-BAC8-0143F78D093A}.Release|x64.ActiveCfg = Release|Any CPU
		{E8E7BE8B-D82E-4693-BAC8-0143F78D093A}.Release|x64.Build.0 = Release|Any CPU
		{E8E7BE8B-D82E-4693-BAC8-0143F78D093A}.Release|x86.ActiveCfg = Release|Any CPU
		{E8E7BE8B-D82E-4693-BAC8-0143F78D093A}.Release|x86.Build.0 = Release|Any CPU
	EndGlobalSection
	GlobalSection(SolutionProperties) = preSolution
		HideSolutionNode = FALSE
	EndGlobalSection
EndGlobal
